
Microsoft Visual Studio Solution File, Format Version 12.00
# Visual Studio Version 16
VisualStudioVersion = 16.0.29123.88
MinimumVisualStudioVersion = 10.0.40219.1
Project("{FAE04EC0-301F-11D3-BF4B-00C04F79EFBC}") = "CodeFirst", "CodeFirst\CodeFirst.csproj", "{DEDFBC80-1AEA-4121-A4E9-41A8B639D3AA}"
EndProject
Global
	GlobalSection(SolutionConfigurationPlatforms) = preSolution
		Debug|Any CPU = Debug|Any CPU
		Release|Any CPU = Release|Any CPU
	EndGlobalSection
	GlobalSection(ProjectConfigurationPlatforms) = postSolution
		{DEDFBC80-1AEA-4121-A4E9-41A8B639D3AA}.Debug|Any CPU.ActiveCfg = Debug|Any CPU
		{DEDFBC80-1AEA-4121-A4E9-41A8B639D3AA}.Debug|Any CPU.Build.0 = Debug|Any CPU
		{DEDFBC80-1AEA-4121-A4E9-41A8B639D3AA}.Release|Any CPU.ActiveCfg = Release|Any CPU
		{DEDFBC80-1AEA-4121-A4E9-41A8B639D3AA}.Release|Any CPU.Build.0 = Release|Any CPU
	EndGlobalSection
	GlobalSection(SolutionProperties) = preSolution
		HideSolutionNode = FALSE
	EndGlobalSection
	GlobalSection(ExtensibilityGlobals) = postSolution
		SolutionGuid = {CF088FDA-59F3-4C43-A7CC-115D56459876}
	EndGlobalSection
EndGlobal
